// !$*UTF8*$!
{
	archiveVersion = 1;
	classes = {
	};
	objectVersion = 56;
	objects = {

/* Begin PBXBuildFile section */
		9D98B89D2BBE972200D70BA3 /* AppDelegate.swift in Sources */ = {isa = PBXBuildFile; fileRef = 9D98B89C2BBE972200D70BA3 /* AppDelegate.swift */; };
		9D98B89F2BBE972200D70BA3 /* SceneDelegate.swift in Sources */ = {isa = PBXBuildFile; fileRef = 9D98B89E2BBE972200D70BA3 /* SceneDelegate.swift */; };
		9D98B8A12BBE972200D70BA3 /* MainVC.swift in Sources */ = {isa = PBXBuildFile; fileRef = 9D98B8A02BBE972200D70BA3 /* MainVC.swift */; };
		9D98B8A42BBE972200D70BA3 /* Main.storyboard in Resources */ = {isa = PBXBuildFile; fileRef = 9D98B8A22BBE972200D70BA3 /* Main.storyboard */; };
		9D98B8A72BBE972200D70BA3 /* GiphyApp.xcdatamodeld in Sources */ = {isa = PBXBuildFile; fileRef = 9D98B8A52BBE972200D70BA3 /* GiphyApp.xcdatamodeld */; };
		9D98B8A92BBE972300D70BA3 /* Assets.xcassets in Resources */ = {isa = PBXBuildFile; fileRef = 9D98B8A82BBE972300D70BA3 /* Assets.xcassets */; };
		9D98B8AC2BBE972300D70BA3 /* LaunchScreen.storyboard in Resources */ = {isa = PBXBuildFile; fileRef = 9D98B8AA2BBE972300D70BA3 /* LaunchScreen.storyboard */; };
		9D98B8B42BBE9D0100D70BA3 /* MainVM.swift in Sources */ = {isa = PBXBuildFile; fileRef = 9D98B8B32BBE9D0100D70BA3 /* MainVM.swift */; };
		9D98B8B82BBEC13300D70BA3 /* UIViewExtension.swift in Sources */ = {isa = PBXBuildFile; fileRef = 9D98B8B72BBEC13300D70BA3 /* UIViewExtension.swift */; };
		9D98B8BB2BBEC49100D70BA3 /* GifCell.swift in Sources */ = {isa = PBXBuildFile; fileRef = 9D98B8B92BBEC49100D70BA3 /* GifCell.swift */; };
		9D98B8BC2BBEC49100D70BA3 /* GifCell.xib in Resources */ = {isa = PBXBuildFile; fileRef = 9D98B8BA2BBEC49100D70BA3 /* GifCell.xib */; };
		9D98B8C02BBEC83800D70BA3 /* GifData.swift in Sources */ = {isa = PBXBuildFile; fileRef = 9D98B8BF2BBEC83800D70BA3 /* GifData.swift */; };
		9D98B8C32BBECE2B00D70BA3 /* ErrorHandlers.swift in Sources */ = {isa = PBXBuildFile; fileRef = 9D98B8C22BBECE2B00D70BA3 /* ErrorHandlers.swift */; };
		9D98B8C62BBECE4800D70BA3 /* NetworkBuilder.swift in Sources */ = {isa = PBXBuildFile; fileRef = 9D98B8C52BBECE4800D70BA3 /* NetworkBuilder.swift */; };
		9D98B8C92BBECE6B00D70BA3 /* NetworkManger.swift in Sources */ = {isa = PBXBuildFile; fileRef = 9D98B8C82BBECE6B00D70BA3 /* NetworkManger.swift */; };
		E5AFA1BC5595CFBB72B645EF /* Pods_GiphyApp.framework in Frameworks */ = {isa = PBXBuildFile; fileRef = 175C4B3BB91F77184D52A8BF /* Pods_GiphyApp.framework */; };
/* End PBXBuildFile section */

/* Begin PBXFileReference section */
		1432BFB8B85F25A8027B595C /* Pods-GiphyApp.release.xcconfig */ = {isa = PBXFileReference; includeInIndex = 1; lastKnownFileType = text.xcconfig; name = "Pods-GiphyApp.release.xcconfig"; path = "Target Support Files/Pods-GiphyApp/Pods-GiphyApp.release.xcconfig"; sourceTree = "<group>"; };
		1619CCAF5AA526638B60E649 /* Pods-GiphyApp.debug.xcconfig */ = {isa = PBXFileReference; includeInIndex = 1; lastKnownFileType = text.xcconfig; name = "Pods-GiphyApp.debug.xcconfig"; path = "Target Support Files/Pods-GiphyApp/Pods-GiphyApp.debug.xcconfig"; sourceTree = "<group>"; };
		175C4B3BB91F77184D52A8BF /* Pods_GiphyApp.framework */ = {isa = PBXFileReference; explicitFileType = wrapper.framework; includeInIndex = 0; path = Pods_GiphyApp.framework; sourceTree = BUILT_PRODUCTS_DIR; };
		9D98B8992BBE972200D70BA3 /* GiphyApp.app */ = {isa = PBXFileReference; explicitFileType = wrapper.application; includeInIndex = 0; path = GiphyApp.app; sourceTree = BUILT_PRODUCTS_DIR; };
		9D98B89C2BBE972200D70BA3 /* AppDelegate.swift */ = {isa = PBXFileReference; lastKnownFileType = sourcecode.swift; path = AppDelegate.swift; sourceTree = "<group>"; };
		9D98B89E2BBE972200D70BA3 /* SceneDelegate.swift */ = {isa = PBXFileReference; lastKnownFileType = sourcecode.swift; path = SceneDelegate.swift; sourceTree = "<group>"; };
		9D98B8A02BBE972200D70BA3 /* MainVC.swift */ = {isa = PBXFileReference; lastKnownFileType = sourcecode.swift; path = MainVC.swift; sourceTree = "<group>"; };
		9D98B8A32BBE972200D70BA3 /* Base */ = {isa = PBXFileReference; lastKnownFileType = file.storyboard; name = Base; path = Base.lproj/Main.storyboard; sourceTree = "<group>"; };
		9D98B8A62BBE972200D70BA3 /* GiphyApp.xcdatamodel */ = {isa = PBXFileReference; lastKnownFileType = wrapper.xcdatamodel; path = GiphyApp.xcdatamodel; sourceTree = "<group>"; };
		9D98B8A82BBE972300D70BA3 /* Assets.xcassets */ = {isa = PBXFileReference; lastKnownFileType = folder.assetcatalog; path = Assets.xcassets; sourceTree = "<group>"; };
		9D98B8AB2BBE972300D70BA3 /* Base */ = {isa = PBXFileReference; lastKnownFileType = file.storyboard; name = Base; path = Base.lproj/LaunchScreen.storyboard; sourceTree = "<group>"; };
		9D98B8AD2BBE972300D70BA3 /* Info.plist */ = {isa = PBXFileReference; lastKnownFileType = text.plist.xml; path = Info.plist; sourceTree = "<group>"; };
		9D98B8B32BBE9D0100D70BA3 /* MainVM.swift */ = {isa = PBXFileReference; lastKnownFileType = sourcecode.swift; path = MainVM.swift; sourceTree = "<group>"; };
		9D98B8B72BBEC13300D70BA3 /* UIViewExtension.swift */ = {isa = PBXFileReference; lastKnownFileType = sourcecode.swift; path = UIViewExtension.swift; sourceTree = "<group>"; };
		9D98B8B92BBEC49100D70BA3 /* GifCell.swift */ = {isa = PBXFileReference; lastKnownFileType = sourcecode.swift; path = GifCell.swift; sourceTree = "<group>"; };
		9D98B8BA2BBEC49100D70BA3 /* GifCell.xib */ = {isa = PBXFileReference; lastKnownFileType = file.xib; path = GifCell.xib; sourceTree = "<group>"; };
		9D98B8BF2BBEC83800D70BA3 /* GifData.swift */ = {isa = PBXFileReference; lastKnownFileType = sourcecode.swift; path = GifData.swift; sourceTree = "<group>"; };
		9D98B8C22BBECE2B00D70BA3 /* ErrorHandlers.swift */ = {isa = PBXFileReference; lastKnownFileType = sourcecode.swift; path = ErrorHandlers.swift; sourceTree = "<group>"; };
		9D98B8C52BBECE4800D70BA3 /* NetworkBuilder.swift */ = {isa = PBXFileReference; lastKnownFileType = sourcecode.swift; path = NetworkBuilder.swift; sourceTree = "<group>"; };
		9D98B8C82BBECE6B00D70BA3 /* NetworkManger.swift */ = {isa = PBXFileReference; lastKnownFileType = sourcecode.swift; path = NetworkManger.swift; sourceTree = "<group>"; };
/* End PBXFileReference section */

/* Begin PBXFrameworksBuildPhase section */
		9D98B8962BBE972200D70BA3 /* Frameworks */ = {
			isa = PBXFrameworksBuildPhase;
			buildActionMask = 2147483647;
			files = (
				E5AFA1BC5595CFBB72B645EF /* Pods_GiphyApp.framework in Frameworks */,
			);
			runOnlyForDeploymentPostprocessing = 0;
		};
/* End PBXFrameworksBuildPhase section */

/* Begin PBXGroup section */
		7E96BA3D10502401BACDDE3A /* Pods */ = {
			isa = PBXGroup;
			children = (
				1619CCAF5AA526638B60E649 /* Pods-GiphyApp.debug.xcconfig */,
				1432BFB8B85F25A8027B595C /* Pods-GiphyApp.release.xcconfig */,
			);
			name = Pods;
			path = Pods;
			sourceTree = "<group>";
		};
		9BB67F84566264989B8E355D /* Frameworks */ = {
			isa = PBXGroup;
			children = (
				175C4B3BB91F77184D52A8BF /* Pods_GiphyApp.framework */,
			);
			name = Frameworks;
			sourceTree = "<group>";
		};
		9D98B8902BBE972200D70BA3 = {
			isa = PBXGroup;
			children = (
				9D98B89B2BBE972200D70BA3 /* GiphyApp */,
				9D98B89A2BBE972200D70BA3 /* Products */,
				7E96BA3D10502401BACDDE3A /* Pods */,
				9BB67F84566264989B8E355D /* Frameworks */,
			);
			sourceTree = "<group>";
		};
		9D98B89A2BBE972200D70BA3 /* Products */ = {
			isa = PBXGroup;
			children = (
				9D98B8992BBE972200D70BA3 /* GiphyApp.app */,
			);
			name = Products;
			sourceTree = "<group>";
		};
		9D98B89B2BBE972200D70BA3 /* GiphyApp */ = {
			isa = PBXGroup;
			children = (
				9D98B89C2BBE972200D70BA3 /* AppDelegate.swift */,
				9D98B89E2BBE972200D70BA3 /* SceneDelegate.swift */,
				9D98B8A82BBE972300D70BA3 /* Assets.xcassets */,
				9D98B8AA2BBE972300D70BA3 /* LaunchScreen.storyboard */,
				9D98B8AD2BBE972300D70BA3 /* Info.plist */,
				9D98B8A52BBE972200D70BA3 /* GiphyApp.xcdatamodeld */,
				9D98B8C72BBECE6200D70BA3 /* NetworkManger */,
				9D98B8C42BBECE3F00D70BA3 /* NetworkBuilder */,
				9D98B8C12BBECE2200D70BA3 /* ErrorHandlers */,
				9D98B8B52BBEC07B00D70BA3 /* Extensions */,
				9D98B8BE2BBEC7AC00D70BA3 /* Models */,
				9D98B8B62BBEC0A600D70BA3 /* MainVC */,
				9D98B8BD2BBEC49600D70BA3 /* Cells */,
			);
			path = GiphyApp;
			sourceTree = "<group>";
		};
		9D98B8B52BBEC07B00D70BA3 /* Extensions */ = {
			isa = PBXGroup;
			children = (
				9D98B8B72BBEC13300D70BA3 /* UIViewExtension.swift */,
			);
			path = Extensions;
			sourceTree = "<group>";
		};
		9D98B8B62BBEC0A600D70BA3 /* MainVC */ = {
			isa = PBXGroup;
			children = (
				9D98B8A22BBE972200D70BA3 /* Main.storyboard */,
				9D98B8A02BBE972200D70BA3 /* MainVC.swift */,
				9D98B8B32BBE9D0100D70BA3 /* MainVM.swift */,
			);
			path = MainVC;
			sourceTree = "<group>";
		};
		9D98B8BD2BBEC49600D70BA3 /* Cells */ = {
			isa = PBXGroup;
			children = (
				9D98B8B92BBEC49100D70BA3 /* GifCell.swift */,
				9D98B8BA2BBEC49100D70BA3 /* GifCell.xib */,
			);
			path = Cells;
			sourceTree = "<group>";
		};
		9D98B8BE2BBEC7AC00D70BA3 /* Models */ = {
			isa = PBXGroup;
			children = (
				9D98B8BF2BBEC83800D70BA3 /* GifData.swift */,
			);
			path = Models;
			sourceTree = "<group>";
		};
		9D98B8C12BBECE2200D70BA3 /* ErrorHandlers */ = {
			isa = PBXGroup;
			children = (
				9D98B8C22BBECE2B00D70BA3 /* ErrorHandlers.swift */,
			);
			path = ErrorHandlers;
			sourceTree = "<group>";
		};
		9D98B8C42BBECE3F00D70BA3 /* NetworkBuilder */ = {
			isa = PBXGroup;
			children = (
				9D98B8C52BBECE4800D70BA3 /* NetworkBuilder.swift */,
			);
			path = NetworkBuilder;
			sourceTree = "<group>";
		};
		9D98B8C72BBECE6200D70BA3 /* NetworkManger */ = {
			isa = PBXGroup;
			children = (
				9D98B8C82BBECE6B00D70BA3 /* NetworkManger.swift */,
			);
			path = NetworkManger;
			sourceTree = "<group>";
		};
/* End PBXGroup section */

/* Begin PBXNativeTarget section */
		9D98B8982BBE972200D70BA3 /* GiphyApp */ = {
			isa = PBXNativeTarget;
			buildConfigurationList = 9D98B8B02BBE972300D70BA3 /* Build configuration list for PBXNativeTarget "GiphyApp" */;
			buildPhases = (
				2092A696835F451493E75F68 /* [CP] Check Pods Manifest.lock */,
				9D98B8952BBE972200D70BA3 /* Sources */,
				9D98B8962BBE972200D70BA3 /* Frameworks */,
				9D98B8972BBE972200D70BA3 /* Resources */,
			);
			buildRules = (
			);
			dependencies = (
			);
			name = GiphyApp;
			productName = GiphyApp;
			productReference = 9D98B8992BBE972200D70BA3 /* GiphyApp.app */;
			productType = "com.apple.product-type.application";
		};
/* End PBXNativeTarget section */

/* Begin PBXProject section */
		9D98B8912BBE972200D70BA3 /* Project object */ = {
			isa = PBXProject;
			attributes = {
				BuildIndependentTargetsInParallel = 1;
				LastSwiftUpdateCheck = 1520;
				LastUpgradeCheck = 1520;
				TargetAttributes = {
					9D98B8982BBE972200D70BA3 = {
						CreatedOnToolsVersion = 15.2;
					};
				};
			};
			buildConfigurationList = 9D98B8942BBE972200D70BA3 /* Build configuration list for PBXProject "GiphyApp" */;
			compatibilityVersion = "Xcode 14.0";
			developmentRegion = en;
			hasScannedForEncodings = 0;
			knownRegions = (
				en,
				Base,
			);
			mainGroup = 9D98B8902BBE972200D70BA3;
			productRefGroup = 9D98B89A2BBE972200D70BA3 /* Products */;
			projectDirPath = "";
			projectRoot = "";
			targets = (
				9D98B8982BBE972200D70BA3 /* GiphyApp */,
			);
		};
/* End PBXProject section */

/* Begin PBXResourcesBuildPhase section */
		9D98B8972BBE972200D70BA3 /* Resources */ = {
			isa = PBXResourcesBuildPhase;
			buildActionMask = 2147483647;
			files = (
				9D98B8AC2BBE972300D70BA3 /* LaunchScreen.storyboard in Resources */,
				9D98B8A92BBE972300D70BA3 /* Assets.xcassets in Resources */,
				9D98B8BC2BBEC49100D70BA3 /* GifCell.xib in Resources */,
				9D98B8A42BBE972200D70BA3 /* Main.storyboard in Resources */,
			);
			runOnlyForDeploymentPostprocessing = 0;
		};
/* End PBXResourcesBuildPhase section */

/* Begin PBXShellScriptBuildPhase section */
		2092A696835F451493E75F68 /* [CP] Check Pods Manifest.lock */ = {
			isa = PBXShellScriptBuildPhase;
			buildActionMask = 2147483647;
			files = (
			);
			inputFileListPaths = (
			);
			inputPaths = (
				"${PODS_PODFILE_DIR_PATH}/Podfile.lock",
				"${PODS_ROOT}/Manifest.lock",
			);
			name = "[CP] Check Pods Manifest.lock";
			outputFileListPaths = (
			);
			outputPaths = (
				"$(DERIVED_FILE_DIR)/Pods-GiphyApp-checkManifestLockResult.txt",
			);
			runOnlyForDeploymentPostprocessing = 0;
			shellPath = /bin/sh;
			shellScript = "diff \"${PODS_PODFILE_DIR_PATH}/Podfile.lock\" \"${PODS_ROOT}/Manifest.lock\" > /dev/null\nif [ $? != 0 ] ; then\n    # print error to STDERR\n    echo \"error: The sandbox is not in sync with the Podfile.lock. Run 'pod install' or update your CocoaPods installation.\" >&2\n    exit 1\nfi\n# This output is used by Xcode 'outputs' to avoid re-running this script phase.\necho \"SUCCESS\" > \"${SCRIPT_OUTPUT_FILE_0}\"\n";
			showEnvVarsInLog = 0;
		};
/* End PBXShellScriptBuildPhase section */

/* Begin PBXSourcesBuildPhase section */
		9D98B8952BBE972200D70BA3 /* Sources */ = {
			isa = PBXSourcesBuildPhase;
			buildActionMask = 2147483647;
			files = (
				9D98B8C92BBECE6B00D70BA3 /* NetworkManger.swift in Sources */,
				9D98B8C02BBEC83800D70BA3 /* GifData.swift in Sources */,
				9D98B8B82BBEC13300D70BA3 /* UIViewExtension.swift in Sources */,
				9D98B8B42BBE9D0100D70BA3 /* MainVM.swift in Sources */,
				9D98B8BB2BBEC49100D70BA3 /* GifCell.swift in Sources */,
				9D98B8A12BBE972200D70BA3 /* MainVC.swift in Sources */,
				9D98B89D2BBE972200D70BA3 /* AppDelegate.swift in Sources */,
				9D98B8C32BBECE2B00D70BA3 /* ErrorHandlers.swift in Sources */,
				9D98B89F2BBE972200D70BA3 /* SceneDelegate.swift in Sources */,
				9D98B8C62BBECE4800D70BA3 /* NetworkBuilder.swift in Sources */,
				9D98B8A72BBE972200D70BA3 /* GiphyApp.xcdatamodeld in Sources */,
			);
			runOnlyForDeploymentPostprocessing = 0;
		};
/* End PBXSourcesBuildPhase section */

/* Begin PBXVariantGroup section */
		9D98B8A22BBE972200D70BA3 /* Main.storyboard */ = {
			isa = PBXVariantGroup;
			children = (
				9D98B8A32BBE972200D70BA3 /* Base */,
			);
			name = Main.storyboard;
			sourceTree = "<group>";
		};
		9D98B8AA2BBE972300D70BA3 /* LaunchScreen.storyboard */ = {
			isa = PBXVariantGroup;
			children = (
				9D98B8AB2BBE972300D70BA3 /* Base */,
			);
			name = LaunchScreen.storyboard;
			sourceTree = "<group>";
		};
/* End PBXVariantGroup section */

/* Begin XCBuildConfiguration section */
		9D98B8AE2BBE972300D70BA3 /* Debug */ = {
			isa = XCBuildConfiguration;
			buildSettings = {
				ALWAYS_SEARCH_USER_PATHS = NO;
				ASSETCATALOG_COMPILER_GENERATE_SWIFT_ASSET_SYMBOL_EXTENSIONS = YES;
				CLANG_ANALYZER_NONNULL = YES;
				CLANG_ANALYZER_NUMBER_OBJECT_CONVERSION = YES_AGGRESSIVE;
				CLANG_CXX_LANGUAGE_STANDARD = "gnu++20";
				CLANG_ENABLE_MODULES = YES;
				CLANG_ENABLE_OBJC_ARC = YES;
				CLANG_ENABLE_OBJC_WEAK = YES;
				CLANG_WARN_BLOCK_CAPTURE_AUTORELEASING = YES;
				CLANG_WARN_BOOL_CONVERSION = YES;
				CLANG_WARN_COMMA = YES;
				CLANG_WARN_CONSTANT_CONVERSION = YES;
				CLANG_WARN_DEPRECATED_OBJC_IMPLEMENTATIONS = YES;
				CLANG_WARN_DIRECT_OBJC_ISA_USAGE = YES_ERROR;
				CLANG_WARN_DOCUMENTATION_COMMENTS = YES;
				CLANG_WARN_EMPTY_BODY = YES;
				CLANG_WARN_ENUM_CONVERSION = YES;
				CLANG_WARN_INFINITE_RECURSION = YES;
				CLANG_WARN_INT_CONVERSION = YES;
				CLANG_WARN_NON_LITERAL_NULL_CONVERSION = YES;
				CLANG_WARN_OBJC_IMPLICIT_RETAIN_SELF = YES;
				CLANG_WARN_OBJC_LITERAL_CONVERSION = YES;
				CLANG_WARN_OBJC_ROOT_CLASS = YES_ERROR;
				CLANG_WARN_QUOTED_INCLUDE_IN_FRAMEWORK_HEADER = YES;
				CLANG_WARN_RANGE_LOOP_ANALYSIS = YES;
				CLANG_WARN_STRICT_PROTOTYPES = YES;
				CLANG_WARN_SUSPICIOUS_MOVE = YES;
				CLANG_WARN_UNGUARDED_AVAILABILITY = YES_AGGRESSIVE;
				CLANG_WARN_UNREACHABLE_CODE = YES;
				CLANG_WARN__DUPLICATE_METHOD_MATCH = YES;
				COPY_PHASE_STRIP = NO;
				DEBUG_INFORMATION_FORMAT = dwarf;
				ENABLE_STRICT_OBJC_MSGSEND = YES;
				ENABLE_TESTABILITY = YES;
				ENABLE_USER_SCRIPT_SANDBOXING = YES;
				GCC_C_LANGUAGE_STANDARD = gnu17;
				GCC_DYNAMIC_NO_PIC = NO;
				GCC_NO_COMMON_BLOCKS = YES;
				GCC_OPTIMIZATION_LEVEL = 0;
				GCC_PREPROCESSOR_DEFINITIONS = (
					"DEBUG=1",
					"$(inherited)",
				);
				GCC_WARN_64_TO_32_BIT_CONVERSION = YES;
				GCC_WARN_ABOUT_RETURN_TYPE = YES_ERROR;
				GCC_WARN_UNDECLARED_SELECTOR = YES;
				GCC_WARN_UNINITIALIZED_AUTOS = YES_AGGRESSIVE;
				GCC_WARN_UNUSED_FUNCTION = YES;
				GCC_WARN_UNUSED_VARIABLE = YES;
				IPHONEOS_DEPLOYMENT_TARGET = 17.2;
				LOCALIZATION_PREFERS_STRING_CATALOGS = YES;
				MTL_ENABLE_DEBUG_INFO = INCLUDE_SOURCE;
				MTL_FAST_MATH = YES;
				ONLY_ACTIVE_ARCH = YES;
				SDKROOT = iphoneos;
				SWIFT_ACTIVE_COMPILATION_CONDITIONS = "DEBUG $(inherited)";
				SWIFT_OPTIMIZATION_LEVEL = "-Onone";
			};
			name = Debug;
		};
		9D98B8AF2BBE972300D70BA3 /* Release */ = {
			isa = XCBuildConfiguration;
			buildSettings = {
				ALWAYS_SEARCH_USER_PATHS = NO;
				ASSETCATALOG_COMPILER_GENERATE_SWIFT_ASSET_SYMBOL_EXTENSIONS = YES;
				CLANG_ANALYZER_NONNULL = YES;
				CLANG_ANALYZER_NUMBER_OBJECT_CONVERSION = YES_AGGRESSIVE;
				CLANG_CXX_LANGUAGE_STANDARD = "gnu++20";
				CLANG_ENABLE_MODULES = YES;
				CLANG_ENABLE_OBJC_ARC = YES;
				CLANG_ENABLE_OBJC_WEAK = YES;
				CLANG_WARN_BLOCK_CAPTURE_AUTORELEASING = YES;
				CLANG_WARN_BOOL_CONVERSION = YES;
				CLANG_WARN_COMMA = YES;
				CLANG_WARN_CONSTANT_CONVERSION = YES;
				CLANG_WARN_DEPRECATED_OBJC_IMPLEMENTATIONS = YES;
				CLANG_WARN_DIRECT_OBJC_ISA_USAGE = YES_ERROR;
				CLANG_WARN_DOCUMENTATION_COMMENTS = YES;
				CLANG_WARN_EMPTY_BODY = YES;
				CLANG_WARN_ENUM_CONVERSION = YES;
				CLANG_WARN_INFINITE_RECURSION = YES;
				CLANG_WARN_INT_CONVERSION = YES;
				CLANG_WARN_NON_LITERAL_NULL_CONVERSION = YES;
				CLANG_WARN_OBJC_IMPLICIT_RETAIN_SELF = YES;
				CLANG_WARN_OBJC_LITERAL_CONVERSION = YES;
				CLANG_WARN_OBJC_ROOT_CLASS = YES_ERROR;
				CLANG_WARN_QUOTED_INCLUDE_IN_FRAMEWORK_HEADER = YES;
				CLANG_WARN_RANGE_LOOP_ANALYSIS = YES;
				CLANG_WARN_STRICT_PROTOTYPES = YES;
				CLANG_WARN_SUSPICIOUS_MOVE = YES;
				CLANG_WARN_UNGUARDED_AVAILABILITY = YES_AGGRESSIVE;
				CLANG_WARN_UNREACHABLE_CODE = YES;
				CLANG_WARN__DUPLICATE_METHOD_MATCH = YES;
				COPY_PHASE_STRIP = NO;
				DEBUG_INFORMATION_FORMAT = "dwarf-with-dsym";
				ENABLE_NS_ASSERTIONS = NO;
				ENABLE_STRICT_OBJC_MSGSEND = YES;
				ENABLE_USER_SCRIPT_SANDBOXING = YES;
				GCC_C_LANGUAGE_STANDARD = gnu17;
				GCC_NO_COMMON_BLOCKS = YES;
				GCC_WARN_64_TO_32_BIT_CONVERSION = YES;
				GCC_WARN_ABOUT_RETURN_TYPE = YES_ERROR;
				GCC_WARN_UNDECLARED_SELECTOR = YES;
				GCC_WARN_UNINITIALIZED_AUTOS = YES_AGGRESSIVE;
				GCC_WARN_UNUSED_FUNCTION = YES;
				GCC_WARN_UNUSED_VARIABLE = YES;
				IPHONEOS_DEPLOYMENT_TARGET = 17.2;
				LOCALIZATION_PREFERS_STRING_CATALOGS = YES;
				MTL_ENABLE_DEBUG_INFO = NO;
				MTL_FAST_MATH = YES;
				SDKROOT = iphoneos;
				SWIFT_COMPILATION_MODE = wholemodule;
				VALIDATE_PRODUCT = YES;
			};
			name = Release;
		};
		9D98B8B12BBE972300D70BA3 /* Debug */ = {
			isa = XCBuildConfiguration;
			baseConfigurationReference = 1619CCAF5AA526638B60E649 /* Pods-GiphyApp.debug.xcconfig */;
			buildSettings = {
				ASSETCATALOG_COMPILER_APPICON_NAME = AppIcon;
				ASSETCATALOG_COMPILER_GLOBAL_ACCENT_COLOR_NAME = AccentColor;
				CODE_SIGN_STYLE = Automatic;
				CURRENT_PROJECT_VERSION = 1;
				DEVELOPMENT_TEAM = S5NDZSNAZM;
				GENERATE_INFOPLIST_FILE = YES;
				INFOPLIST_FILE = GiphyApp/Info.plist;
				INFOPLIST_KEY_UIApplicationSupportsIndirectInputEvents = YES;
				INFOPLIST_KEY_UILaunchStoryboardName = LaunchScreen;
				INFOPLIST_KEY_UIMainStoryboardFile = Main;
				INFOPLIST_KEY_UISupportedInterfaceOrientations_iPad = "UIInterfaceOrientationPortrait UIInterfaceOrientationPortraitUpsideDown UIInterfaceOrientationLandscapeLeft UIInterfaceOrientationLandscapeRight";
				INFOPLIST_KEY_UISupportedInterfaceOrientations_iPhone = "UIInterfaceOrientationPortrait UIInterfaceOrientationLandscapeLeft UIInterfaceOrientationLandscapeRight";
				IPHONEOS_DEPLOYMENT_TARGET = 15.0;
				LD_RUNPATH_SEARCH_PATHS = (
					"$(inherited)",
					"@executable_path/Frameworks",
				);
				MARKETING_VERSION = 1.0;
				PRODUCT_BUNDLE_IDENTIFIER = co.il.GiphyApp;
				PRODUCT_NAME = "$(TARGET_NAME)";
				SWIFT_EMIT_LOC_STRINGS = YES;
				SWIFT_VERSION = 5.0;
				TARGETED_DEVICE_FAMILY = "1,2";
			};
			name = Debug;
		};
		9D98B8B22BBE972300D70BA3 /* Release */ = {
			isa = XCBuildConfiguration;
			baseConfigurationReference = 1432BFB8B85F25A8027B595C /* Pods-GiphyApp.release.xcconfig */;
			buildSettings = {
				ASSETCATALOG_COMPILER_APPICON_NAME = AppIcon;
				ASSETCATALOG_COMPILER_GLOBAL_ACCENT_COLOR_NAME = AccentColor;
				CODE_SIGN_STYLE = Automatic;
				CURRENT_PROJECT_VERSION = 1;
				DEVELOPMENT_TEAM = S5NDZSNAZM;
				GENERATE_INFOPLIST_FILE = YES;
				INFOPLIST_FILE = GiphyApp/Info.plist;
				INFOPLIST_KEY_UIApplicationSupportsIndirectInputEvents = YES;
				INFOPLIST_KEY_UILaunchStoryboardName = LaunchScreen;
				INFOPLIST_KEY_UIMainStoryboardFile = Main;
				INFOPLIST_KEY_UISupportedInterfaceOrientations_iPad = "UIInterfaceOrientationPortrait UIInterfaceOrientationPortraitUpsideDown UIInterfaceOrientationLandscapeLeft UIInterfaceOrientationLandscapeRight";
				INFOPLIST_KEY_UISupportedInterfaceOrientations_iPhone = "UIInterfaceOrientationPortrait UIInterfaceOrientationLandscapeLeft UIInterfaceOrientationLandscapeRight";
				IPHONEOS_DEPLOYMENT_TARGET = 15.0;
				LD_RUNPATH_SEARCH_PATHS = (
					"$(inherited)",
					"@executable_path/Frameworks",
				);
				MARKETING_VERSION = 1.0;
				PRODUCT_BUNDLE_IDENTIFIER = co.il.GiphyApp;
				PRODUCT_NAME = "$(TARGET_NAME)";
				SWIFT_EMIT_LOC_STRINGS = YES;
				SWIFT_VERSION = 5.0;
				TARGETED_DEVICE_FAMILY = "1,2";
			};
			name = Release;
		};
/* End XCBuildConfiguration section */

/* Begin XCConfigurationList section */
		9D98B8942BBE972200D70BA3 /* Build configuration list for PBXProject "GiphyApp" */ = {
			isa = XCConfigurationList;
			buildConfigurations = (
				9D98B8AE2BBE972300D70BA3 /* Debug */,
				9D98B8AF2BBE972300D70BA3 /* Release */,
			);
			defaultConfigurationIsVisible = 0;
			defaultConfigurationName = Release;
		};
		9D98B8B02BBE972300D70BA3 /* Build configuration list for PBXNativeTarget "GiphyApp" */ = {
			isa = XCConfigurationList;
			buildConfigurations = (
				9D98B8B12BBE972300D70BA3 /* Debug */,
				9D98B8B22BBE972300D70BA3 /* Release */,
			);
			defaultConfigurationIsVisible = 0;
			defaultConfigurationName = Release;
		};
/* End XCConfigurationList section */

/* Begin XCVersionGroup section */
		9D98B8A52BBE972200D70BA3 /* GiphyApp.xcdatamodeld */ = {
			isa = XCVersionGroup;
			children = (
				9D98B8A62BBE972200D70BA3 /* GiphyApp.xcdatamodel */,
			);
			currentVersion = 9D98B8A62BBE972200D70BA3 /* GiphyApp.xcdatamodel */;
			path = GiphyApp.xcdatamodeld;
			sourceTree = "<group>";
			versionGroupType = wrapper.xcdatamodel;
		};
/* End XCVersionGroup section */
	};
	rootObject = 9D98B8912BBE972200D70BA3 /* Project object */;
}
